// !$*UTF8*$!
{
	archiveVersion = 1;
	classes = {
	};
	objectVersion = 56;
	objects = {

/* Begin PBXBuildFile section */
		1D7508722CFFEE3D00057D03 /* BoundaryHighlighterApp.swift in Sources */ = {isa = PBXBuildFile; fileRef = 1D7508712CFFEE3D00057D03 /* BoundaryHighlighterApp.swift */; };
		1D7508742CFFEE3D00057D03 /* ContentView.swift in Sources */ = {isa = PBXBuildFile; fileRef = 1D7508732CFFEE3D00057D03 /* ContentView.swift */; };
		1D7508762CFFEE3F00057D03 /* Assets.xcassets in Resources */ = {isa = PBXBuildFile; fileRef = 1D7508752CFFEE3F00057D03 /* Assets.xcassets */; };
		1D7508792CFFEE3F00057D03 /* Preview Assets.xcassets in Resources */ = {isa = PBXBuildFile; fileRef = 1D7508782CFFEE3F00057D03 /* Preview Assets.xcassets */; };
		1D7508822CFFF0A200057D03 /* BoundaryHighlighterManager.swift in Sources */ = {isa = PBXBuildFile; fileRef = 1D7508812CFFF0A200057D03 /* BoundaryHighlighterManager.swift */; };
		1D7508842D007A8900057D03 /* StatusBarController.swift in Sources */ = {isa = PBXBuildFile; fileRef = 1D7508832D007A8900057D03 /* StatusBarController.swift */; };
/* End PBXBuildFile section */

/* Begin PBXFileReference section */
		1D75086E2CFFEE3D00057D03 /* BoundaryHighlighter.app */ = {isa = PBXFileReference; explicitFileType = wrapper.application; includeInIndex = 0; path = BoundaryHighlighter.app; sourceTree = BUILT_PRODUCTS_DIR; };
		1D7508712CFFEE3D00057D03 /* BoundaryHighlighterApp.swift */ = {isa = PBXFileReference; lastKnownFileType = sourcecode.swift; path = BoundaryHighlighterApp.swift; sourceTree = "<group>"; };
		1D7508732CFFEE3D00057D03 /* ContentView.swift */ = {isa = PBXFileReference; lastKnownFileType = sourcecode.swift; path = ContentView.swift; sourceTree = "<group>"; };
		1D7508752CFFEE3F00057D03 /* Assets.xcassets */ = {isa = PBXFileReference; lastKnownFileType = folder.assetcatalog; path = Assets.xcassets; sourceTree = "<group>"; };
		1D7508782CFFEE3F00057D03 /* Preview Assets.xcassets */ = {isa = PBXFileReference; lastKnownFileType = folder.assetcatalog; path = "Preview Assets.xcassets"; sourceTree = "<group>"; };
		1D75087A2CFFEE3F00057D03 /* BoundaryHighlighter.entitlements */ = {isa = PBXFileReference; lastKnownFileType = text.plist.entitlements; path = BoundaryHighlighter.entitlements; sourceTree = "<group>"; };
		1D7508812CFFF0A200057D03 /* BoundaryHighlighterManager.swift */ = {isa = PBXFileReference; lastKnownFileType = sourcecode.swift; path = BoundaryHighlighterManager.swift; sourceTree = "<group>"; };
		1D7508832D007A8900057D03 /* StatusBarController.swift */ = {isa = PBXFileReference; lastKnownFileType = sourcecode.swift; path = StatusBarController.swift; sourceTree = "<group>"; };
/* End PBXFileReference section */

/* Begin PBXFrameworksBuildPhase section */
		1D75086B2CFFEE3D00057D03 /* Frameworks */ = {
			isa = PBXFrameworksBuildPhase;
			buildActionMask = 2147483647;
			files = (
			);
			runOnlyForDeploymentPostprocessing = 0;
		};
/* End PBXFrameworksBuildPhase section */

/* Begin PBXGroup section */
		1D7508652CFFEE3D00057D03 = {
			isa = PBXGroup;
			children = (
				1D7508702CFFEE3D00057D03 /* BoundaryHighlighter */,
				1D75086F2CFFEE3D00057D03 /* Products */,
			);
			sourceTree = "<group>";
		};
		1D75086F2CFFEE3D00057D03 /* Products */ = {
			isa = PBXGroup;
			children = (
				1D75086E2CFFEE3D00057D03 /* BoundaryHighlighter.app */,
			);
			name = Products;
			sourceTree = "<group>";
		};
		1D7508702CFFEE3D00057D03 /* BoundaryHighlighter */ = {
			isa = PBXGroup;
			children = (
				1D7508712CFFEE3D00057D03 /* BoundaryHighlighterApp.swift */,
				1D7508732CFFEE3D00057D03 /* ContentView.swift */,
				1D7508812CFFF0A200057D03 /* BoundaryHighlighterManager.swift */,
				1D7508832D007A8900057D03 /* StatusBarController.swift */,
				1D7508752CFFEE3F00057D03 /* Assets.xcassets */,
				1D75087A2CFFEE3F00057D03 /* BoundaryHighlighter.entitlements */,
				1D7508772CFFEE3F00057D03 /* Preview Content */,
			);
			path = BoundaryHighlighter;
			sourceTree = "<group>";
		};
		1D7508772CFFEE3F00057D03 /* Preview Content */ = {
			isa = PBXGroup;
			children = (
				1D7508782CFFEE3F00057D03 /* Preview Assets.xcassets */,
			);
			path = "Preview Content";
			sourceTree = "<group>";
		};
/* End PBXGroup section */

/* Begin PBXNativeTarget section */
		1D75086D2CFFEE3D00057D03 /* BoundaryHighlighter */ = {
			isa = PBXNativeTarget;
			buildConfigurationList = 1D75087D2CFFEE3F00057D03 /* Build configuration list for PBXNativeTarget "BoundaryHighlighter" */;
			buildPhases = (
				1D75086A2CFFEE3D00057D03 /* Sources */,
				1D75086B2CFFEE3D00057D03 /* Frameworks */,
				1D75086C2CFFEE3D00057D03 /* Resources */,
			);
			buildRules = (
			);
			dependencies = (
			);
			name = BoundaryHighlighter;
			productName = BoundaryHighlighter;
			productReference = 1D75086E2CFFEE3D00057D03 /* BoundaryHighlighter.app */;
			productType = "com.apple.product-type.application";
		};
/* End PBXNativeTarget section */

/* Begin PBXProject section */
		1D7508662CFFEE3D00057D03 /* Project object */ = {
			isa = PBXProject;
			attributes = {
				BuildIndependentTargetsInParallel = 1;
				LastSwiftUpdateCheck = 1530;
				LastUpgradeCheck = 1530;
				TargetAttributes = {
					1D75086D2CFFEE3D00057D03 = {
						CreatedOnToolsVersion = 15.3;
					};
				};
			};
			buildConfigurationList = 1D7508692CFFEE3D00057D03 /* Build configuration list for PBXProject "BoundaryHighlighter" */;
			compatibilityVersion = "Xcode 14.0";
			developmentRegion = en;
			hasScannedForEncodings = 0;
			knownRegions = (
				en,
				Base,
			);
			mainGroup = 1D7508652CFFEE3D00057D03;
			productRefGroup = 1D75086F2CFFEE3D00057D03 /* Products */;
			projectDirPath = "";
			projectRoot = "";
			targets = (
				1D75086D2CFFEE3D00057D03 /* BoundaryHighlighter */,
			);
		};
/* End PBXProject section */

/* Begin PBXResourcesBuildPhase section */
		1D75086C2CFFEE3D00057D03 /* Resources */ = {
			isa = PBXResourcesBuildPhase;
			buildActionMask = 2147483647;
			files = (
				1D7508792CFFEE3F00057D03 /* Preview Assets.xcassets in Resources */,
				1D7508762CFFEE3F00057D03 /* Assets.xcassets in Resources */,
			);
			runOnlyForDeploymentPostprocessing = 0;
		};
/* End PBXResourcesBuildPhase section */

/* Begin PBXSourcesBuildPhase section */
		1D75086A2CFFEE3D00057D03 /* Sources */ = {
			isa = PBXSourcesBuildPhase;
			buildActionMask = 2147483647;
			files = (
				1D7508742CFFEE3D00057D03 /* ContentView.swift in Sources */,
				1D7508842D007A8900057D03 /* StatusBarController.swift in Sources */,
				1D7508722CFFEE3D00057D03 /* BoundaryHighlighterApp.swift in Sources */,
				1D7508822CFFF0A200057D03 /* BoundaryHighlighterManager.swift in Sources */,
			);
			runOnlyForDeploymentPostprocessing = 0;
		};
/* End PBXSourcesBuildPhase section */

/* Begin XCBuildConfiguration section */
		1D75087B2CFFEE3F00057D03 /* Debug */ = {
			isa = XCBuildConfiguration;
			buildSettings = {
				ALWAYS_SEARCH_USER_PATHS = NO;
				ASSETCATALOG_COMPILER_GENERATE_SWIFT_ASSET_SYMBOL_EXTENSIONS = YES;
				CLANG_ANALYZER_NONNULL = YES;
				CLANG_ANALYZER_NUMBER_OBJECT_CONVERSION = YES_AGGRESSIVE;
				CLANG_CXX_LANGUAGE_STANDARD = "gnu++20";
				CLANG_ENABLE_MODULES = YES;
				CLANG_ENABLE_OBJC_ARC = YES;
				CLANG_ENABLE_OBJC_WEAK = YES;
				CLANG_WARN_BLOCK_CAPTURE_AUTORELEASING = YES;
				CLANG_WARN_BOOL_CONVERSION = YES;
				CLANG_WARN_COMMA = YES;
				CLANG_WARN_CONSTANT_CONVERSION = YES;
				CLANG_WARN_DEPRECATED_OBJC_IMPLEMENTATIONS = YES;
				CLANG_WARN_DIRECT_OBJC_ISA_USAGE = YES_ERROR;
				CLANG_WARN_DOCUMENTATION_COMMENTS = YES;
				CLANG_WARN_EMPTY_BODY = YES;
				CLANG_WARN_ENUM_CONVERSION = YES;
				CLANG_WARN_INFINITE_RECURSION = YES;
				CLANG_WARN_INT_CONVERSION = YES;
				CLANG_WARN_NON_LITERAL_NULL_CONVERSION = YES;
				CLANG_WARN_OBJC_IMPLICIT_RETAIN_SELF = YES;
				CLANG_WARN_OBJC_LITERAL_CONVERSION = YES;
				CLANG_WARN_OBJC_ROOT_CLASS = YES_ERROR;
				CLANG_WARN_QUOTED_INCLUDE_IN_FRAMEWORK_HEADER = YES;
				CLANG_WARN_RANGE_LOOP_ANALYSIS = YES;
				CLANG_WARN_STRICT_PROTOTYPES = YES;
				CLANG_WARN_SUSPICIOUS_MOVE = YES;
				CLANG_WARN_UNGUARDED_AVAILABILITY = YES_AGGRESSIVE;
				CLANG_WARN_UNREACHABLE_CODE = YES;
				CLANG_WARN__DUPLICATE_METHOD_MATCH = YES;
				COPY_PHASE_STRIP = NO;
				DEBUG_INFORMATION_FORMAT = dwarf;
				ENABLE_STRICT_OBJC_MSGSEND = YES;
				ENABLE_TESTABILITY = YES;
				ENABLE_USER_SCRIPT_SANDBOXING = YES;
				GCC_C_LANGUAGE_STANDARD = gnu17;
				GCC_DYNAMIC_NO_PIC = NO;
				GCC_NO_COMMON_BLOCKS = YES;
				GCC_OPTIMIZATION_LEVEL = 0;
				GCC_PREPROCESSOR_DEFINITIONS = (
					"DEBUG=1",
					"$(inherited)",
				);
				GCC_WARN_64_TO_32_BIT_CONVERSION = YES;
				GCC_WARN_ABOUT_RETURN_TYPE = YES_ERROR;
				GCC_WARN_UNDECLARED_SELECTOR = YES;
				GCC_WARN_UNINITIALIZED_AUTOS = YES_AGGRESSIVE;
				GCC_WARN_UNUSED_FUNCTION = YES;
				GCC_WARN_UNUSED_VARIABLE = YES;
				LOCALIZATION_PREFERS_STRING_CATALOGS = YES;
				MACOSX_DEPLOYMENT_TARGET = 14.4;
				MTL_ENABLE_DEBUG_INFO = INCLUDE_SOURCE;
				MTL_FAST_MATH = YES;
				ONLY_ACTIVE_ARCH = YES;
				SDKROOT = macosx;
				SWIFT_ACTIVE_COMPILATION_CONDITIONS = "DEBUG $(inherited)";
				SWIFT_OPTIMIZATION_LEVEL = "-Onone";
			};
			name = Debug;
		};
		1D75087C2CFFEE3F00057D03 /* Release */ = {
			isa = XCBuildConfiguration;
			buildSettings = {
				ALWAYS_SEARCH_USER_PATHS = NO;
				ASSETCATALOG_COMPILER_GENERATE_SWIFT_ASSET_SYMBOL_EXTENSIONS = YES;
				CLANG_ANALYZER_NONNULL = YES;
				CLANG_ANALYZER_NUMBER_OBJECT_CONVERSION = YES_AGGRESSIVE;
				CLANG_CXX_LANGUAGE_STANDARD = "gnu++20";
				CLANG_ENABLE_MODULES = YES;
				CLANG_ENABLE_OBJC_ARC = YES;
				CLANG_ENABLE_OBJC_WEAK = YES;
				CLANG_WARN_BLOCK_CAPTURE_AUTORELEASING = YES;
				CLANG_WARN_BOOL_CONVERSION = YES;
				CLANG_WARN_COMMA = YES;
				CLANG_WARN_CONSTANT_CONVERSION = YES;
				CLANG_WARN_DEPRECATED_OBJC_IMPLEMENTATIONS = YES;
				CLANG_WARN_DIRECT_OBJC_ISA_USAGE = YES_ERROR;
				CLANG_WARN_DOCUMENTATION_COMMENTS = YES;
				CLANG_WARN_EMPTY_BODY = YES;
				CLANG_WARN_ENUM_CONVERSION = YES;
				CLANG_WARN_INFINITE_RECURSION = YES;
				CLANG_WARN_INT_CONVERSION = YES;
				CLANG_WARN_NON_LITERAL_NULL_CONVERSION = YES;
				CLANG_WARN_OBJC_IMPLICIT_RETAIN_SELF = YES;
				CLANG_WARN_OBJC_LITERAL_CONVERSION = YES;
				CLANG_WARN_OBJC_ROOT_CLASS = YES_ERROR;
				CLANG_WARN_QUOTED_INCLUDE_IN_FRAMEWORK_HEADER = YES;
				CLANG_WARN_RANGE_LOOP_ANALYSIS = YES;
				CLANG_WARN_STRICT_PROTOTYPES = YES;
				CLANG_WARN_SUSPICIOUS_MOVE = YES;
				CLANG_WARN_UNGUARDED_AVAILABILITY = YES_AGGRESSIVE;
				CLANG_WARN_UNREACHABLE_CODE = YES;
				CLANG_WARN__DUPLICATE_METHOD_MATCH = YES;
				COPY_PHASE_STRIP = NO;
				DEBUG_INFORMATION_FORMAT = "dwarf-with-dsym";
				ENABLE_NS_ASSERTIONS = NO;
				ENABLE_STRICT_OBJC_MSGSEND = YES;
				ENABLE_USER_SCRIPT_SANDBOXING = YES;
				GCC_C_LANGUAGE_STANDARD = gnu17;
				GCC_NO_COMMON_BLOCKS = YES;
				GCC_WARN_64_TO_32_BIT_CONVERSION = YES;
				GCC_WARN_ABOUT_RETURN_TYPE = YES_ERROR;
				GCC_WARN_UNDECLARED_SELECTOR = YES;
				GCC_WARN_UNINITIALIZED_AUTOS = YES_AGGRESSIVE;
				GCC_WARN_UNUSED_FUNCTION = YES;
				GCC_WARN_UNUSED_VARIABLE = YES;
				LOCALIZATION_PREFERS_STRING_CATALOGS = YES;
				MACOSX_DEPLOYMENT_TARGET = 14.4;
				MTL_ENABLE_DEBUG_INFO = NO;
				MTL_FAST_MATH = YES;
				SDKROOT = macosx;
				SWIFT_COMPILATION_MODE = wholemodule;
			};
			name = Release;
		};
		1D75087E2CFFEE3F00057D03 /* Debug */ = {
			isa = XCBuildConfiguration;
			buildSettings = {
				ASSETCATALOG_COMPILER_APPICON_NAME = AppIcon;
				ASSETCATALOG_COMPILER_GLOBAL_ACCENT_COLOR_NAME = AccentColor;
				CODE_SIGN_ENTITLEMENTS = BoundaryHighlighter/BoundaryHighlighter.entitlements;
				CODE_SIGN_STYLE = Automatic;
				COMBINE_HIDPI_IMAGES = YES;
				CURRENT_PROJECT_VERSION = 1;
				DEVELOPMENT_ASSET_PATHS = "\"BoundaryHighlighter/Preview Content\"";
				ENABLE_PREVIEWS = YES;
				GENERATE_INFOPLIST_FILE = YES;
				INFOPLIST_KEY_NSHumanReadableCopyright = "";
				LD_RUNPATH_SEARCH_PATHS = (
					"$(inherited)",
					"@executable_path/../Frameworks",
				);
				MARKETING_VERSION = 1.0;
				PRODUCT_BUNDLE_IDENTIFIER = com.fitzmaz.BoundaryHighlighter;
				PRODUCT_NAME = "$(TARGET_NAME)";
				SWIFT_EMIT_LOC_STRINGS = YES;
				SWIFT_VERSION = 5.0;
			};
			name = Debug;
		};
		1D75087F2CFFEE3F00057D03 /* Release */ = {
			isa = XCBuildConfiguration;
			buildSettings = {
				ASSETCATALOG_COMPILER_APPICON_NAME = AppIcon;
				ASSETCATALOG_COMPILER_GLOBAL_ACCENT_COLOR_NAME = AccentColor;
				CODE_SIGN_ENTITLEMENTS = BoundaryHighlighter/BoundaryHighlighter.entitlements;
				CODE_SIGN_STYLE = Automatic;
				COMBINE_HIDPI_IMAGES = YES;
				CURRENT_PROJECT_VERSION = 1;
				DEVELOPMENT_ASSET_PATHS = "\"BoundaryHighlighter/Preview Content\"";
				ENABLE_PREVIEWS = YES;
				GENERATE_INFOPLIST_FILE = YES;
				INFOPLIST_KEY_NSHumanReadableCopyright = "";
				LD_RUNPATH_SEARCH_PATHS = (
					"$(inherited)",
					"@executable_path/../Frameworks",
				);
				MARKETING_VERSION = 1.0;
				PRODUCT_BUNDLE_IDENTIFIER = com.fitzmaz.BoundaryHighlighter;
				PRODUCT_NAME = "$(TARGET_NAME)";
				SWIFT_EMIT_LOC_STRINGS = YES;
				SWIFT_VERSION = 5.0;
			};
			name = Release;
		};
/* End XCBuildConfiguration section */

/* Begin XCConfigurationList section */
		1D7508692CFFEE3D00057D03 /* Build configuration list for PBXProject "BoundaryHighlighter" */ = {
			isa = XCConfigurationList;
			buildConfigurations = (
				1D75087B2CFFEE3F00057D03 /* Debug */,
				1D75087C2CFFEE3F00057D03 /* Release */,
			);
			defaultConfigurationIsVisible = 0;
			defaultConfigurationName = Release;
		};
		1D75087D2CFFEE3F00057D03 /* Build configuration list for PBXNativeTarget "BoundaryHighlighter" */ = {
			isa = XCConfigurationList;
			buildConfigurations = (
				1D75087E2CFFEE3F00057D03 /* Debug */,
				1D75087F2CFFEE3F00057D03 /* Release */,
			);
			defaultConfigurationIsVisible = 0;
			defaultConfigurationName = Release;
		};
/* End XCConfigurationList section */
	};
	rootObject = 1D7508662CFFEE3D00057D03 /* Project object */;
}
